{
  "version": 4,
  "terraform_version": "1.14.8",
  "serial": 1,
  "lineage": "836940cd-ff14-56b5-09af-da22997d7012",
  "outputs": {},
  "resources": [
    {
      "mode": "managed",
      "type": "local_file",
      "name": "example",
      "provider": "provider[\"registry.terraform.io/hashicorp/local\"]",
      "instances": [
        {
          "schema_version": 0,
          "attributes": {
            "content": "DevOps Project Infrastructure Created",
            "content_base64": null,
            "content_base64sha256": "wEEl3dIuYQw1ezCXv8m8Eb1uB0kho87fdvwwtozkc+0=",
            "content_base64sha512": "mHy6L3ljyKMf9MCuBXO5mDSshdHr+ZGT5S48Gi02L6Epudqt9Vwq/88escNF6m4y5gzmdn7+CFgQdaZJT+nZfw==",
            "content_md5": "89c3bb74a0ca3ddb3e2c1fb22499fc2b",
            "content_sha1": "863f819cf7969618ee7358421cc1af997852cb16",
            "content_sha256": "c04125ddd22e610c357b3097bfc9bc11bd6e074921a3cedf76fc30b68ce473ed",
            "content_sha512": "987cba2f7963c8a31ff4c0ae0573b99834ac85d1ebf99193e52e3c1a2d362fa129b9daadf55c2affcf1eb1c345ea6e32e60ce6767efe08581075a6494fe9d97f",
            "directory_permission": "0777",
            "file_permission": "0777",
            "filename": "./output.txt",
            "id": "863f819cf7969618ee7358421cc1af997852cb16",
            "sensitive_content": null,
            "source": null
          },
          "sensitive_attributes": [
            [
              {
                "type": "get_attr",
                "value": "sensitive_content"
              }
            ]
          ],
          "identity_schema_version": 0
        }
      ]
    }
  ],
  "check_results": null
}
